// !$*UTF8*$!
{
	archiveVersion = 1;
	classes = {
	};
	objectVersion = 56;
	objects = {

/* Begin PBXBuildFile section */
		E4A58C5B2B4614D200C3DA70 /* MicroUI2024rev1App.swift in Sources */ = {isa = PBXBuildFile; fileRef = E4A58C5A2B4614D200C3DA70 /* MicroUI2024rev1App.swift */; };
		E4A58C5D2B4614D200C3DA70 /* ContentView.swift in Sources */ = {isa = PBXBuildFile; fileRef = E4A58C5C2B4614D200C3DA70 /* ContentView.swift */; };
		E4A58C5F2B4614D300C3DA70 /* Assets.xcassets in Resources */ = {isa = PBXBuildFile; fileRef = E4A58C5E2B4614D300C3DA70 /* Assets.xcassets */; };
		E4A58C632B4614D300C3DA70 /* Preview Assets.xcassets in Resources */ = {isa = PBXBuildFile; fileRef = E4A58C622B4614D300C3DA70 /* Preview Assets.xcassets */; };
		E4A58C6D2B4614D300C3DA70 /* MicroUI2024rev1Tests.swift in Sources */ = {isa = PBXBuildFile; fileRef = E4A58C6C2B4614D300C3DA70 /* MicroUI2024rev1Tests.swift */; };
		E4A58C772B4614D300C3DA70 /* MicroUI2024rev1UITests.swift in Sources */ = {isa = PBXBuildFile; fileRef = E4A58C762B4614D300C3DA70 /* MicroUI2024rev1UITests.swift */; };
		E4A58C792B4614D300C3DA70 /* MicroUI2024rev1UITestsLaunchTests.swift in Sources */ = {isa = PBXBuildFile; fileRef = E4A58C782B4614D300C3DA70 /* MicroUI2024rev1UITestsLaunchTests.swift */; };
		E4A58C872B4614FB00C3DA70 /* Kingfisher in Frameworks */ = {isa = PBXBuildFile; productRef = E4A58C862B4614FB00C3DA70 /* Kingfisher */; };
		E4A58C892B4615B700C3DA70 /* GoogleService-Info-plist.plist in Resources */ = {isa = PBXBuildFile; fileRef = E4A58C882B4615B700C3DA70 /* GoogleService-Info-plist.plist */; };
		E4A58C8F2B46172D00C3DA70 /* FirebaseAuth in Frameworks */ = {isa = PBXBuildFile; productRef = E4A58C8E2B46172D00C3DA70 /* FirebaseAuth */; };
		E4A58C912B46173500C3DA70 /* FirebaseFirestore in Frameworks */ = {isa = PBXBuildFile; productRef = E4A58C902B46173500C3DA70 /* FirebaseFirestore */; };
		E4A58C932B46173D00C3DA70 /* FirebaseFirestoreSwift in Frameworks */ = {isa = PBXBuildFile; productRef = E4A58C922B46173D00C3DA70 /* FirebaseFirestoreSwift */; };
		E4A58C952B46174300C3DA70 /* FirebaseStorage in Frameworks */ = {isa = PBXBuildFile; productRef = E4A58C942B46174300C3DA70 /* FirebaseStorage */; };
		E4A58CCA2B4617D400C3DA70 /* RegistrationView.swift in Sources */ = {isa = PBXBuildFile; fileRef = E4A58C972B4617D300C3DA70 /* RegistrationView.swift */; };
		E4A58CCB2B4617D400C3DA70 /* LoginView.swift in Sources */ = {isa = PBXBuildFile; fileRef = E4A58C982B4617D300C3DA70 /* LoginView.swift */; };
		E4A58CCC2B4617D400C3DA70 /* ResetPasswordView.swift in Sources */ = {isa = PBXBuildFile; fileRef = E4A58C992B4617D300C3DA70 /* ResetPasswordView.swift */; };
		E4A58CCD2B4617D400C3DA70 /* PreviewProvider.swift in Sources */ = {isa = PBXBuildFile; fileRef = E4A58C9B2B4617D300C3DA70 /* PreviewProvider.swift */; };
		E4A58CCE2B4617D400C3DA70 /* ProjectModel.swift in Sources */ = {isa = PBXBuildFile; fileRef = E4A58C9D2B4617D300C3DA70 /* ProjectModel.swift */; };
		E4A58CCF2B4617D400C3DA70 /* InsiteSafetyModel.swift in Sources */ = {isa = PBXBuildFile; fileRef = E4A58C9E2B4617D300C3DA70 /* InsiteSafetyModel.swift */; };
		E4A58CD02B4617D400C3DA70 /* UserModel.swift in Sources */ = {isa = PBXBuildFile; fileRef = E4A58C9F2B4617D300C3DA70 /* UserModel.swift */; };
		E4A58CD12B4617D400C3DA70 /* ImageUploader.swift in Sources */ = {isa = PBXBuildFile; fileRef = E4A58CA12B4617D300C3DA70 /* ImageUploader.swift */; };
		E4A58CD22B4617D400C3DA70 /* UserService.swift in Sources */ = {isa = PBXBuildFile; fileRef = E4A58CA22B4617D300C3DA70 /* UserService.swift */; };
		E4A58CD32B4617D400C3DA70 /* ProjectService.swift in Sources */ = {isa = PBXBuildFile; fileRef = E4A58CA32B4617D300C3DA70 /* ProjectService.swift */; };
		E4A58CD42B4617D400C3DA70 /* ImageUploaderService.swift in Sources */ = {isa = PBXBuildFile; fileRef = E4A58CA42B4617D300C3DA70 /* ImageUploaderService.swift */; };
		E4A58CD52B4617D400C3DA70 /* AuthService.swift in Sources */ = {isa = PBXBuildFile; fileRef = E4A58CA52B4617D300C3DA70 /* AuthService.swift */; };
		E4A58CD62B4617D400C3DA70 /* ProjectCell.swift in Sources */ = {isa = PBXBuildFile; fileRef = E4A58CA72B4617D300C3DA70 /* ProjectCell.swift */; };
		E4A58CD72B4617D400C3DA70 /* GoogleService-Info.plist in Resources */ = {isa = PBXBuildFile; fileRef = E4A58CA92B4617D300C3DA70 /* GoogleService-Info.plist */; };
		E4A58CD82B4617D400C3DA70 /* FeedCell.swift in Sources */ = {isa = PBXBuildFile; fileRef = E4A58CAA2B4617D300C3DA70 /* FeedCell.swift */; };
		E4A58CD92B4617D400C3DA70 /* Constants.swift in Sources */ = {isa = PBXBuildFile; fileRef = E4A58CAC2B4617D300C3DA70 /* Constants.swift */; };
		E4A58CDA2B4617D400C3DA70 /* TextEditorButton.swift in Sources */ = {isa = PBXBuildFile; fileRef = E4A58CAD2B4617D300C3DA70 /* TextEditorButton.swift */; };
		E4A58CDB2B4617D400C3DA70 /* ImagePicker.swift in Sources */ = {isa = PBXBuildFile; fileRef = E4A58CAE2B4617D300C3DA70 /* ImagePicker.swift */; };
		E4A58CDC2B4617D400C3DA70 /* ThreadsTextFieldModifier.swift in Sources */ = {isa = PBXBuildFile; fileRef = E4A58CAF2B4617D300C3DA70 /* ThreadsTextFieldModifier.swift */; };
		E4A58CDD2B4617D400C3DA70 /* GradientIconButton.swift in Sources */ = {isa = PBXBuildFile; fileRef = E4A58CB02B4617D300C3DA70 /* GradientIconButton.swift */; };
		E4A58CDE2B4617D400C3DA70 /* CurrentUserProfileView.swift in Sources */ = {isa = PBXBuildFile; fileRef = E4A58CB22B4617D300C3DA70 /* CurrentUserProfileView.swift */; };
		E4A58CDF2B4617D400C3DA70 /* EditProfileView.swift in Sources */ = {isa = PBXBuildFile; fileRef = E4A58CB32B4617D300C3DA70 /* EditProfileView.swift */; };
		E4A58CE02B4617D400C3DA70 /* ProfileView.swift in Sources */ = {isa = PBXBuildFile; fileRef = E4A58CB42B4617D300C3DA70 /* ProfileView.swift */; };
		E4A58CE12B4617D400C3DA70 /* UserView.swift in Sources */ = {isa = PBXBuildFile; fileRef = E4A58CB52B4617D300C3DA70 /* UserView.swift */; };
		E4A58CE22B4617D400C3DA70 /* ProfileProjectContentListView.swift in Sources */ = {isa = PBXBuildFile; fileRef = E4A58CB62B4617D300C3DA70 /* ProfileProjectContentListView.swift */; };
		E4A58CE52B4617D400C3DA70 /* FeedView.swift in Sources */ = {isa = PBXBuildFile; fileRef = E4A58CB92B4617D300C3DA70 /* FeedView.swift */; };
		E4A58CE62B4617D400C3DA70 /* CurrentUserProfileViewModel.swift in Sources */ = {isa = PBXBuildFile; fileRef = E4A58CBB2B4617D300C3DA70 /* CurrentUserProfileViewModel.swift */; };
		E4A58CE72B4617D400C3DA70 /* ProjectViewModel.swift in Sources */ = {isa = PBXBuildFile; fileRef = E4A58CBC2B4617D300C3DA70 /* ProjectViewModel.swift */; };
		E4A58CE82B4617D400C3DA70 /* AuthViewModel.swift in Sources */ = {isa = PBXBuildFile; fileRef = E4A58CBD2B4617D300C3DA70 /* AuthViewModel.swift */; };
		E4A58CE92B4617D400C3DA70 /* ContentViewModel.swift in Sources */ = {isa = PBXBuildFile; fileRef = E4A58CBE2B4617D300C3DA70 /* ContentViewModel.swift */; };
		E4A58CEA2B4617D400C3DA70 /* EditProfileViewModel.swift in Sources */ = {isa = PBXBuildFile; fileRef = E4A58CBF2B4617D300C3DA70 /* EditProfileViewModel.swift */; };
		E4A58CEB2B4617D400C3DA70 /* CreateProjects.swift in Sources */ = {isa = PBXBuildFile; fileRef = E4A58CC12B4617D400C3DA70 /* CreateProjects.swift */; };
		E4A58CEC2B4617D400C3DA70 /* CircularProfileImageView.swift in Sources */ = {isa = PBXBuildFile; fileRef = E4A58CC22B4617D400C3DA70 /* CircularProfileImageView.swift */; };
		E4A58CED2B4617D400C3DA70 /* ProfileHeaderViews.swift in Sources */ = {isa = PBXBuildFile; fileRef = E4A58CC32B4617D400C3DA70 /* ProfileHeaderViews.swift */; };
		E4A58CEE2B4617D400C3DA70 /* ProjectSetup.swift in Sources */ = {isa = PBXBuildFile; fileRef = E4A58CC42B4617D400C3DA70 /* ProjectSetup.swift */; };
		E4A58CEF2B4617D400C3DA70 /* SafetyDetailView.swift in Sources */ = {isa = PBXBuildFile; fileRef = E4A58CC62B4617D400C3DA70 /* SafetyDetailView.swift */; };
		E4A58CF02B4617D400C3DA70 /* BasicSafetyImageRow.swift in Sources */ = {isa = PBXBuildFile; fileRef = E4A58CC72B4617D400C3DA70 /* BasicSafetyImageRow.swift */; };
		E4A58CF12B4617D400C3DA70 /* SafetyMainView.swift in Sources */ = {isa = PBXBuildFile; fileRef = E4A58CC82B4617D400C3DA70 /* SafetyMainView.swift */; };
		E4A58CF22B4617D400C3DA70 /* HazardDetailView.swift in Sources */ = {isa = PBXBuildFile; fileRef = E4A58CC92B4617D400C3DA70 /* HazardDetailView.swift */; };
		E4A58CF42B4617DB00C3DA70 /* MainTabView.swift in Sources */ = {isa = PBXBuildFile; fileRef = E4A58CF32B4617DB00C3DA70 /* MainTabView.swift */; };
		E4A58CF62B47090A00C3DA70 /* DailySiteModel.swift in Sources */ = {isa = PBXBuildFile; fileRef = E4A58CF52B47090A00C3DA70 /* DailySiteModel.swift */; };
		E4A58CF82B470A0C00C3DA70 /* DailyReportSetup.swift in Sources */ = {isa = PBXBuildFile; fileRef = E4A58CF72B470A0C00C3DA70 /* DailyReportSetup.swift */; };
/* End PBXBuildFile section */

/* Begin PBXContainerItemProxy section */
		E4A58C692B4614D300C3DA70 /* PBXContainerItemProxy */ = {
			isa = PBXContainerItemProxy;
			containerPortal = E4A58C4F2B4614D200C3DA70 /* Project object */;
			proxyType = 1;
			remoteGlobalIDString = E4A58C562B4614D200C3DA70;
			remoteInfo = MicroUI2024rev1;
		};
		E4A58C732B4614D300C3DA70 /* PBXContainerItemProxy */ = {
			isa = PBXContainerItemProxy;
			containerPortal = E4A58C4F2B4614D200C3DA70 /* Project object */;
			proxyType = 1;
			remoteGlobalIDString = E4A58C562B4614D200C3DA70;
			remoteInfo = MicroUI2024rev1;
		};
/* End PBXContainerItemProxy section */

/* Begin PBXFileReference section */
		E4A58C572B4614D200C3DA70 /* MicroUI2024rev1.app */ = {isa = PBXFileReference; explicitFileType = wrapper.application; includeInIndex = 0; path = MicroUI2024rev1.app; sourceTree = BUILT_PRODUCTS_DIR; };
		E4A58C5A2B4614D200C3DA70 /* MicroUI2024rev1App.swift */ = {isa = PBXFileReference; lastKnownFileType = sourcecode.swift; path = MicroUI2024rev1App.swift; sourceTree = "<group>"; };
		E4A58C5C2B4614D200C3DA70 /* ContentView.swift */ = {isa = PBXFileReference; lastKnownFileType = sourcecode.swift; path = ContentView.swift; sourceTree = "<group>"; };
		E4A58C5E2B4614D300C3DA70 /* Assets.xcassets */ = {isa = PBXFileReference; lastKnownFileType = folder.assetcatalog; path = Assets.xcassets; sourceTree = "<group>"; };
		E4A58C602B4614D300C3DA70 /* MicroUI2024rev1.entitlements */ = {isa = PBXFileReference; lastKnownFileType = text.plist.entitlements; path = MicroUI2024rev1.entitlements; sourceTree = "<group>"; };
		E4A58C622B4614D300C3DA70 /* Preview Assets.xcassets */ = {isa = PBXFileReference; lastKnownFileType = folder.assetcatalog; path = "Preview Assets.xcassets"; sourceTree = "<group>"; };
		E4A58C682B4614D300C3DA70 /* MicroUI2024rev1Tests.xctest */ = {isa = PBXFileReference; explicitFileType = wrapper.cfbundle; includeInIndex = 0; path = MicroUI2024rev1Tests.xctest; sourceTree = BUILT_PRODUCTS_DIR; };
		E4A58C6C2B4614D300C3DA70 /* MicroUI2024rev1Tests.swift */ = {isa = PBXFileReference; lastKnownFileType = sourcecode.swift; path = MicroUI2024rev1Tests.swift; sourceTree = "<group>"; };
		E4A58C722B4614D300C3DA70 /* MicroUI2024rev1UITests.xctest */ = {isa = PBXFileReference; explicitFileType = wrapper.cfbundle; includeInIndex = 0; path = MicroUI2024rev1UITests.xctest; sourceTree = BUILT_PRODUCTS_DIR; };
		E4A58C762B4614D300C3DA70 /* MicroUI2024rev1UITests.swift */ = {isa = PBXFileReference; lastKnownFileType = sourcecode.swift; path = MicroUI2024rev1UITests.swift; sourceTree = "<group>"; };
		E4A58C782B4614D300C3DA70 /* MicroUI2024rev1UITestsLaunchTests.swift */ = {isa = PBXFileReference; lastKnownFileType = sourcecode.swift; path = MicroUI2024rev1UITestsLaunchTests.swift; sourceTree = "<group>"; };
		E4A58C882B4615B700C3DA70 /* GoogleService-Info-plist.plist */ = {isa = PBXFileReference; fileEncoding = 4; lastKnownFileType = text.plist.xml; path = "GoogleService-Info-plist.plist"; sourceTree = "<group>"; };
		E4A58C972B4617D300C3DA70 /* RegistrationView.swift */ = {isa = PBXFileReference; fileEncoding = 4; lastKnownFileType = sourcecode.swift; path = RegistrationView.swift; sourceTree = "<group>"; };
		E4A58C982B4617D300C3DA70 /* LoginView.swift */ = {isa = PBXFileReference; fileEncoding = 4; lastKnownFileType = sourcecode.swift; path = LoginView.swift; sourceTree = "<group>"; };
		E4A58C992B4617D300C3DA70 /* ResetPasswordView.swift */ = {isa = PBXFileReference; fileEncoding = 4; lastKnownFileType = sourcecode.swift; path = ResetPasswordView.swift; sourceTree = "<group>"; };
		E4A58C9B2B4617D300C3DA70 /* PreviewProvider.swift */ = {isa = PBXFileReference; fileEncoding = 4; lastKnownFileType = sourcecode.swift; path = PreviewProvider.swift; sourceTree = "<group>"; };
		E4A58C9D2B4617D300C3DA70 /* ProjectModel.swift */ = {isa = PBXFileReference; fileEncoding = 4; lastKnownFileType = sourcecode.swift; path = ProjectModel.swift; sourceTree = "<group>"; };
		E4A58C9E2B4617D300C3DA70 /* InsiteSafetyModel.swift */ = {isa = PBXFileReference; fileEncoding = 4; lastKnownFileType = sourcecode.swift; path = InsiteSafetyModel.swift; sourceTree = "<group>"; };
		E4A58C9F2B4617D300C3DA70 /* UserModel.swift */ = {isa = PBXFileReference; fileEncoding = 4; lastKnownFileType = sourcecode.swift; path = UserModel.swift; sourceTree = "<group>"; };
		E4A58CA12B4617D300C3DA70 /* ImageUploader.swift */ = {isa = PBXFileReference; fileEncoding = 4; lastKnownFileType = sourcecode.swift; path = ImageUploader.swift; sourceTree = "<group>"; };
		E4A58CA22B4617D300C3DA70 /* UserService.swift */ = {isa = PBXFileReference; fileEncoding = 4; lastKnownFileType = sourcecode.swift; path = UserService.swift; sourceTree = "<group>"; };
		E4A58CA32B4617D300C3DA70 /* ProjectService.swift */ = {isa = PBXFileReference; fileEncoding = 4; lastKnownFileType = sourcecode.swift; path = ProjectService.swift; sourceTree = "<group>"; };
		E4A58CA42B4617D300C3DA70 /* ImageUploaderService.swift */ = {isa = PBXFileReference; fileEncoding = 4; lastKnownFileType = sourcecode.swift; path = ImageUploaderService.swift; sourceTree = "<group>"; };
		E4A58CA52B4617D300C3DA70 /* AuthService.swift */ = {isa = PBXFileReference; fileEncoding = 4; lastKnownFileType = sourcecode.swift; path = AuthService.swift; sourceTree = "<group>"; };
		E4A58CA72B4617D300C3DA70 /* ProjectCell.swift */ = {isa = PBXFileReference; fileEncoding = 4; lastKnownFileType = sourcecode.swift; path = ProjectCell.swift; sourceTree = "<group>"; };
		E4A58CA92B4617D300C3DA70 /* GoogleService-Info.plist */ = {isa = PBXFileReference; fileEncoding = 4; lastKnownFileType = text.plist.xml; path = "GoogleService-Info.plist"; sourceTree = "<group>"; };
		E4A58CAA2B4617D300C3DA70 /* FeedCell.swift */ = {isa = PBXFileReference; fileEncoding = 4; lastKnownFileType = sourcecode.swift; path = FeedCell.swift; sourceTree = "<group>"; };
		E4A58CAC2B4617D300C3DA70 /* Constants.swift */ = {isa = PBXFileReference; fileEncoding = 4; lastKnownFileType = sourcecode.swift; path = Constants.swift; sourceTree = "<group>"; };
		E4A58CAD2B4617D300C3DA70 /* TextEditorButton.swift */ = {isa = PBXFileReference; fileEncoding = 4; lastKnownFileType = sourcecode.swift; path = TextEditorButton.swift; sourceTree = "<group>"; };
		E4A58CAE2B4617D300C3DA70 /* ImagePicker.swift */ = {isa = PBXFileReference; fileEncoding = 4; lastKnownFileType = sourcecode.swift; path = ImagePicker.swift; sourceTree = "<group>"; };
		E4A58CAF2B4617D300C3DA70 /* ThreadsTextFieldModifier.swift */ = {isa = PBXFileReference; fileEncoding = 4; lastKnownFileType = sourcecode.swift; path = ThreadsTextFieldModifier.swift; sourceTree = "<group>"; };
		E4A58CB02B4617D300C3DA70 /* GradientIconButton.swift */ = {isa = PBXFileReference; fileEncoding = 4; lastKnownFileType = sourcecode.swift; path = GradientIconButton.swift; sourceTree = "<group>"; };
		E4A58CB22B4617D300C3DA70 /* CurrentUserProfileView.swift */ = {isa = PBXFileReference; fileEncoding = 4; lastKnownFileType = sourcecode.swift; path = CurrentUserProfileView.swift; sourceTree = "<group>"; };
		E4A58CB32B4617D300C3DA70 /* EditProfileView.swift */ = {isa = PBXFileReference; fileEncoding = 4; lastKnownFileType = sourcecode.swift; path = EditProfileView.swift; sourceTree = "<group>"; };
		E4A58CB42B4617D300C3DA70 /* ProfileView.swift */ = {isa = PBXFileReference; fileEncoding = 4; lastKnownFileType = sourcecode.swift; path = ProfileView.swift; sourceTree = "<group>"; };
		E4A58CB52B4617D300C3DA70 /* UserView.swift */ = {isa = PBXFileReference; fileEncoding = 4; lastKnownFileType = sourcecode.swift; path = UserView.swift; sourceTree = "<group>"; };
		E4A58CB62B4617D300C3DA70 /* ProfileProjectContentListView.swift */ = {isa = PBXFileReference; fileEncoding = 4; lastKnownFileType = sourcecode.swift; path = ProfileProjectContentListView.swift; sourceTree = "<group>"; };
		E4A58CB92B4617D300C3DA70 /* FeedView.swift */ = {isa = PBXFileReference; fileEncoding = 4; lastKnownFileType = sourcecode.swift; path = FeedView.swift; sourceTree = "<group>"; };
		E4A58CBB2B4617D300C3DA70 /* CurrentUserProfileViewModel.swift */ = {isa = PBXFileReference; fileEncoding = 4; lastKnownFileType = sourcecode.swift; path = CurrentUserProfileViewModel.swift; sourceTree = "<group>"; };
		E4A58CBC2B4617D300C3DA70 /* ProjectViewModel.swift */ = {isa = PBXFileReference; fileEncoding = 4; lastKnownFileType = sourcecode.swift; path = ProjectViewModel.swift; sourceTree = "<group>"; };
		E4A58CBD2B4617D300C3DA70 /* AuthViewModel.swift */ = {isa = PBXFileReference; fileEncoding = 4; lastKnownFileType = sourcecode.swift; path = AuthViewModel.swift; sourceTree = "<group>"; };
		E4A58CBE2B4617D300C3DA70 /* ContentViewModel.swift */ = {isa = PBXFileReference; fileEncoding = 4; lastKnownFileType = sourcecode.swift; path = ContentViewModel.swift; sourceTree = "<group>"; };
		E4A58CBF2B4617D300C3DA70 /* EditProfileViewModel.swift */ = {isa = PBXFileReference; fileEncoding = 4; lastKnownFileType = sourcecode.swift; path = EditProfileViewModel.swift; sourceTree = "<group>"; };
		E4A58CC12B4617D400C3DA70 /* CreateProjects.swift */ = {isa = PBXFileReference; fileEncoding = 4; lastKnownFileType = sourcecode.swift; path = CreateProjects.swift; sourceTree = "<group>"; };
		E4A58CC22B4617D400C3DA70 /* CircularProfileImageView.swift */ = {isa = PBXFileReference; fileEncoding = 4; lastKnownFileType = sourcecode.swift; path = CircularProfileImageView.swift; sourceTree = "<group>"; };
		E4A58CC32B4617D400C3DA70 /* ProfileHeaderViews.swift */ = {isa = PBXFileReference; fileEncoding = 4; lastKnownFileType = sourcecode.swift; path = ProfileHeaderViews.swift; sourceTree = "<group>"; };
		E4A58CC42B4617D400C3DA70 /* ProjectSetup.swift */ = {isa = PBXFileReference; fileEncoding = 4; lastKnownFileType = sourcecode.swift; path = ProjectSetup.swift; sourceTree = "<group>"; };
		E4A58CC62B4617D400C3DA70 /* SafetyDetailView.swift */ = {isa = PBXFileReference; fileEncoding = 4; lastKnownFileType = sourcecode.swift; path = SafetyDetailView.swift; sourceTree = "<group>"; };
		E4A58CC72B4617D400C3DA70 /* BasicSafetyImageRow.swift */ = {isa = PBXFileReference; fileEncoding = 4; lastKnownFileType = sourcecode.swift; path = BasicSafetyImageRow.swift; sourceTree = "<group>"; };
		E4A58CC82B4617D400C3DA70 /* SafetyMainView.swift */ = {isa = PBXFileReference; fileEncoding = 4; lastKnownFileType = sourcecode.swift; path = SafetyMainView.swift; sourceTree = "<group>"; };
		E4A58CC92B4617D400C3DA70 /* HazardDetailView.swift */ = {isa = PBXFileReference; fileEncoding = 4; lastKnownFileType = sourcecode.swift; path = HazardDetailView.swift; sourceTree = "<group>"; };
		E4A58CF32B4617DB00C3DA70 /* MainTabView.swift */ = {isa = PBXFileReference; fileEncoding = 4; lastKnownFileType = sourcecode.swift; path = MainTabView.swift; sourceTree = "<group>"; };
		E4A58CF52B47090A00C3DA70 /* DailySiteModel.swift */ = {isa = PBXFileReference; lastKnownFileType = sourcecode.swift; path = DailySiteModel.swift; sourceTree = "<group>"; };
		E4A58CF72B470A0C00C3DA70 /* DailyReportSetup.swift */ = {isa = PBXFileReference; lastKnownFileType = sourcecode.swift; path = DailyReportSetup.swift; sourceTree = "<group>"; };
/* End PBXFileReference section */

/* Begin PBXFrameworksBuildPhase section */
		E4A58C542B4614D200C3DA70 /* Frameworks */ = {
			isa = PBXFrameworksBuildPhase;
			buildActionMask = 2147483647;
			files = (
				E4A58C872B4614FB00C3DA70 /* Kingfisher in Frameworks */,
				E4A58C8F2B46172D00C3DA70 /* FirebaseAuth in Frameworks */,
				E4A58C912B46173500C3DA70 /* FirebaseFirestore in Frameworks */,
				E4A58C952B46174300C3DA70 /* FirebaseStorage in Frameworks */,
				E4A58C932B46173D00C3DA70 /* FirebaseFirestoreSwift in Frameworks */,
			);
			runOnlyForDeploymentPostprocessing = 0;
		};
		E4A58C652B4614D300C3DA70 /* Frameworks */ = {
			isa = PBXFrameworksBuildPhase;
			buildActionMask = 2147483647;
			files = (
			);
			runOnlyForDeploymentPostprocessing = 0;
		};
		E4A58C6F2B4614D300C3DA70 /* Frameworks */ = {
			isa = PBXFrameworksBuildPhase;
			buildActionMask = 2147483647;
			files = (
			);
			runOnlyForDeploymentPostprocessing = 0;
		};
/* End PBXFrameworksBuildPhase section */

/* Begin PBXGroup section */
		E4A58C4E2B4614D200C3DA70 = {
			isa = PBXGroup;
			children = (
				E4A58C592B4614D200C3DA70 /* MicroUI2024rev1 */,
				E4A58C6B2B4614D300C3DA70 /* MicroUI2024rev1Tests */,
				E4A58C752B4614D300C3DA70 /* MicroUI2024rev1UITests */,
				E4A58C582B4614D200C3DA70 /* Products */,
				E4A58C8D2B46172D00C3DA70 /* Frameworks */,
			);
			sourceTree = "<group>";
		};
		E4A58C582B4614D200C3DA70 /* Products */ = {
			isa = PBXGroup;
			children = (
				E4A58C572B4614D200C3DA70 /* MicroUI2024rev1.app */,
				E4A58C682B4614D300C3DA70 /* MicroUI2024rev1Tests.xctest */,
				E4A58C722B4614D300C3DA70 /* MicroUI2024rev1UITests.xctest */,
			);
			name = Products;
			sourceTree = "<group>";
		};
		E4A58C592B4614D200C3DA70 /* MicroUI2024rev1 */ = {
			isa = PBXGroup;
			children = (
				E4A58C5A2B4614D200C3DA70 /* MicroUI2024rev1App.swift */,
				E4A58C5C2B4614D200C3DA70 /* ContentView.swift */,
				E4A58CF32B4617DB00C3DA70 /* MainTabView.swift */,
				E4A58C962B4617D300C3DA70 /* Autentication */,
				E4A58CA62B4617D300C3DA70 /* Cards */,
				E4A58CC02B4617D400C3DA70 /* Components */,
				E4A58C9A2B4617D300C3DA70 /* Extension */,
				E4A58C9C2B4617D300C3DA70 /* Model */,
				E4A58CC52B4617D400C3DA70 /* Safety */,
				E4A58CA02B4617D300C3DA70 /* Service */,
				E4A58CAB2B4617D300C3DA70 /* Utility */,
				E4A58CB12B4617D300C3DA70 /* View */,
				E4A58CBA2B4617D300C3DA70 /* ViewModel */,
				E4A58C5E2B4614D300C3DA70 /* Assets.xcassets */,
				E4A58C882B4615B700C3DA70 /* GoogleService-Info-plist.plist */,
				E4A58C602B4614D300C3DA70 /* MicroUI2024rev1.entitlements */,
				E4A58C612B4614D300C3DA70 /* Preview Content */,
			);
			path = MicroUI2024rev1;
			sourceTree = "<group>";
		};
		E4A58C612B4614D300C3DA70 /* Preview Content */ = {
			isa = PBXGroup;
			children = (
				E4A58C622B4614D300C3DA70 /* Preview Assets.xcassets */,
			);
			path = "Preview Content";
			sourceTree = "<group>";
		};
		E4A58C6B2B4614D300C3DA70 /* MicroUI2024rev1Tests */ = {
			isa = PBXGroup;
			children = (
				E4A58C6C2B4614D300C3DA70 /* MicroUI2024rev1Tests.swift */,
			);
			path = MicroUI2024rev1Tests;
			sourceTree = "<group>";
		};
		E4A58C752B4614D300C3DA70 /* MicroUI2024rev1UITests */ = {
			isa = PBXGroup;
			children = (
				E4A58C762B4614D300C3DA70 /* MicroUI2024rev1UITests.swift */,
				E4A58C782B4614D300C3DA70 /* MicroUI2024rev1UITestsLaunchTests.swift */,
			);
			path = MicroUI2024rev1UITests;
			sourceTree = "<group>";
		};
		E4A58C8D2B46172D00C3DA70 /* Frameworks */ = {
			isa = PBXGroup;
			children = (
			);
			name = Frameworks;
			sourceTree = "<group>";
		};
		E4A58C962B4617D300C3DA70 /* Autentication */ = {
			isa = PBXGroup;
			children = (
				E4A58C972B4617D300C3DA70 /* RegistrationView.swift */,
				E4A58C982B4617D300C3DA70 /* LoginView.swift */,
				E4A58C992B4617D300C3DA70 /* ResetPasswordView.swift */,
			);
			path = Autentication;
			sourceTree = "<group>";
		};
		E4A58C9A2B4617D300C3DA70 /* Extension */ = {
			isa = PBXGroup;
			children = (
				E4A58C9B2B4617D300C3DA70 /* PreviewProvider.swift */,
			);
			path = Extension;
			sourceTree = "<group>";
		};
		E4A58C9C2B4617D300C3DA70 /* Model */ = {
			isa = PBXGroup;
			children = (
				E4A58C9D2B4617D300C3DA70 /* ProjectModel.swift */,
				E4A58CF52B47090A00C3DA70 /* DailySiteModel.swift */,
				E4A58C9E2B4617D300C3DA70 /* InsiteSafetyModel.swift */,
				E4A58C9F2B4617D300C3DA70 /* UserModel.swift */,
			);
			path = Model;
			sourceTree = "<group>";
		};
		E4A58CA02B4617D300C3DA70 /* Service */ = {
			isa = PBXGroup;
			children = (
				E4A58CA12B4617D300C3DA70 /* ImageUploader.swift */,
				E4A58CA22B4617D300C3DA70 /* UserService.swift */,
				E4A58CA32B4617D300C3DA70 /* ProjectService.swift */,
				E4A58CA42B4617D300C3DA70 /* ImageUploaderService.swift */,
				E4A58CA52B4617D300C3DA70 /* AuthService.swift */,
			);
			path = Service;
			sourceTree = "<group>";
		};
		E4A58CA62B4617D300C3DA70 /* Cards */ = {
			isa = PBXGroup;
			children = (
				E4A58CA72B4617D300C3DA70 /* ProjectCell.swift */,
				E4A58CA82B4617D300C3DA70 /* New Group */,
				E4A58CAA2B4617D300C3DA70 /* FeedCell.swift */,
			);
			path = Cards;
			sourceTree = "<group>";
		};
		E4A58CA82B4617D300C3DA70 /* New Group */ = {
			isa = PBXGroup;
			children = (
				E4A58CA92B4617D300C3DA70 /* GoogleService-Info.plist */,
			);
			path = "New Group";
			sourceTree = "<group>";
		};
		E4A58CAB2B4617D300C3DA70 /* Utility */ = {
			isa = PBXGroup;
			children = (
				E4A58CAC2B4617D300C3DA70 /* Constants.swift */,
				E4A58CAD2B4617D300C3DA70 /* TextEditorButton.swift */,
				E4A58CAE2B4617D300C3DA70 /* ImagePicker.swift */,
				E4A58CAF2B4617D300C3DA70 /* ThreadsTextFieldModifier.swift */,
				E4A58CB02B4617D300C3DA70 /* GradientIconButton.swift */,
			);
			path = Utility;
			sourceTree = "<group>";
		};
		E4A58CB12B4617D300C3DA70 /* View */ = {
			isa = PBXGroup;
			children = (
				E4A58CB22B4617D300C3DA70 /* CurrentUserProfileView.swift */,
				E4A58CB32B4617D300C3DA70 /* EditProfileView.swift */,
				E4A58CB42B4617D300C3DA70 /* ProfileView.swift */,
				E4A58CB52B4617D300C3DA70 /* UserView.swift */,
				E4A58CB62B4617D300C3DA70 /* ProfileProjectContentListView.swift */,
				E4A58CB92B4617D300C3DA70 /* FeedView.swift */,
			);
			path = View;
			sourceTree = "<group>";
		};
		E4A58CBA2B4617D300C3DA70 /* ViewModel */ = {
			isa = PBXGroup;
			children = (
				E4A58CBB2B4617D300C3DA70 /* CurrentUserProfileViewModel.swift */,
				E4A58CBC2B4617D300C3DA70 /* ProjectViewModel.swift */,
				E4A58CBD2B4617D300C3DA70 /* AuthViewModel.swift */,
				E4A58CBE2B4617D300C3DA70 /* ContentViewModel.swift */,
				E4A58CBF2B4617D300C3DA70 /* EditProfileViewModel.swift */,
			);
			path = ViewModel;
			sourceTree = "<group>";
		};
		E4A58CC02B4617D400C3DA70 /* Components */ = {
			isa = PBXGroup;
			children = (
				E4A58CC12B4617D400C3DA70 /* CreateProjects.swift */,
				E4A58CC22B4617D400C3DA70 /* CircularProfileImageView.swift */,
				E4A58CC32B4617D400C3DA70 /* ProfileHeaderViews.swift */,
				E4A58CC42B4617D400C3DA70 /* ProjectSetup.swift */,
				E4A58CF72B470A0C00C3DA70 /* DailyReportSetup.swift */,
			);
			path = Components;
			sourceTree = "<group>";
		};
		E4A58CC52B4617D400C3DA70 /* Safety */ = {
			isa = PBXGroup;
			children = (
				E4A58CC62B4617D400C3DA70 /* SafetyDetailView.swift */,
				E4A58CC72B4617D400C3DA70 /* BasicSafetyImageRow.swift */,
				E4A58CC82B4617D400C3DA70 /* SafetyMainView.swift */,
				E4A58CC92B4617D400C3DA70 /* HazardDetailView.swift */,
			);
			path = Safety;
			sourceTree = "<group>";
		};
/* End PBXGroup section */

/* Begin PBXNativeTarget section */
		E4A58C562B4614D200C3DA70 /* MicroUI2024rev1 */ = {
			isa = PBXNativeTarget;
			buildConfigurationList = E4A58C7C2B4614D300C3DA70 /* Build configuration list for PBXNativeTarget "MicroUI2024rev1" */;
			buildPhases = (
				E4A58C532B4614D200C3DA70 /* Sources */,
				E4A58C542B4614D200C3DA70 /* Frameworks */,
				E4A58C552B4614D200C3DA70 /* Resources */,
			);
			buildRules = (
			);
			dependencies = (
			);
			name = MicroUI2024rev1;
			packageProductDependencies = (
				E4A58C862B4614FB00C3DA70 /* Kingfisher */,
				E4A58C8E2B46172D00C3DA70 /* FirebaseAuth */,
				E4A58C902B46173500C3DA70 /* FirebaseFirestore */,
				E4A58C922B46173D00C3DA70 /* FirebaseFirestoreSwift */,
				E4A58C942B46174300C3DA70 /* FirebaseStorage */,
			);
			productName = MicroUI2024rev1;
			productReference = E4A58C572B4614D200C3DA70 /* MicroUI2024rev1.app */;
			productType = "com.apple.product-type.application";
		};
		E4A58C672B4614D300C3DA70 /* MicroUI2024rev1Tests */ = {
			isa = PBXNativeTarget;
			buildConfigurationList = E4A58C7F2B4614D300C3DA70 /* Build configuration list for PBXNativeTarget "MicroUI2024rev1Tests" */;
			buildPhases = (
				E4A58C642B4614D300C3DA70 /* Sources */,
				E4A58C652B4614D300C3DA70 /* Frameworks */,
				E4A58C662B4614D300C3DA70 /* Resources */,
			);
			buildRules = (
			);
			dependencies = (
				E4A58C6A2B4614D300C3DA70 /* PBXTargetDependency */,
			);
			name = MicroUI2024rev1Tests;
			productName = MicroUI2024rev1Tests;
			productReference = E4A58C682B4614D300C3DA70 /* MicroUI2024rev1Tests.xctest */;
			productType = "com.apple.product-type.bundle.unit-test";
		};
		E4A58C712B4614D300C3DA70 /* MicroUI2024rev1UITests */ = {
			isa = PBXNativeTarget;
			buildConfigurationList = E4A58C822B4614D300C3DA70 /* Build configuration list for PBXNativeTarget "MicroUI2024rev1UITests" */;
			buildPhases = (
				E4A58C6E2B4614D300C3DA70 /* Sources */,
				E4A58C6F2B4614D300C3DA70 /* Frameworks */,
				E4A58C702B4614D300C3DA70 /* Resources */,
			);
			buildRules = (
			);
			dependencies = (
				E4A58C742B4614D300C3DA70 /* PBXTargetDependency */,
			);
			name = MicroUI2024rev1UITests;
			productName = MicroUI2024rev1UITests;
			productReference = E4A58C722B4614D300C3DA70 /* MicroUI2024rev1UITests.xctest */;
			productType = "com.apple.product-type.bundle.ui-testing";
		};
/* End PBXNativeTarget section */

/* Begin PBXProject section */
		E4A58C4F2B4614D200C3DA70 /* Project object */ = {
			isa = PBXProject;
			attributes = {
				BuildIndependentTargetsInParallel = 1;
				LastSwiftUpdateCheck = 1510;
				LastUpgradeCheck = 1510;
				TargetAttributes = {
					E4A58C562B4614D200C3DA70 = {
						CreatedOnToolsVersion = 15.1;
					};
					E4A58C672B4614D300C3DA70 = {
						CreatedOnToolsVersion = 15.1;
						TestTargetID = E4A58C562B4614D200C3DA70;
					};
					E4A58C712B4614D300C3DA70 = {
						CreatedOnToolsVersion = 15.1;
						TestTargetID = E4A58C562B4614D200C3DA70;
					};
				};
			};
			buildConfigurationList = E4A58C522B4614D200C3DA70 /* Build configuration list for PBXProject "MicroUI2024rev1" */;
			compatibilityVersion = "Xcode 14.0";
			developmentRegion = en;
			hasScannedForEncodings = 0;
			knownRegions = (
				en,
				Base,
			);
			mainGroup = E4A58C4E2B4614D200C3DA70;
			packageReferences = (
				E4A58C852B4614FB00C3DA70 /* XCRemoteSwiftPackageReference "Kingfisher" */,
				E4A58C8C2B4616EE00C3DA70 /* XCRemoteSwiftPackageReference "firebase-ios-sdk" */,
			);
			productRefGroup = E4A58C582B4614D200C3DA70 /* Products */;
			projectDirPath = "";
			projectRoot = "";
			targets = (
				E4A58C562B4614D200C3DA70 /* MicroUI2024rev1 */,
				E4A58C672B4614D300C3DA70 /* MicroUI2024rev1Tests */,
				E4A58C712B4614D300C3DA70 /* MicroUI2024rev1UITests */,
			);
		};
/* End PBXProject section */

/* Begin PBXResourcesBuildPhase section */
		E4A58C552B4614D200C3DA70 /* Resources */ = {
			isa = PBXResourcesBuildPhase;
			buildActionMask = 2147483647;
			files = (
				E4A58C632B4614D300C3DA70 /* Preview Assets.xcassets in Resources */,
				E4A58CD72B4617D400C3DA70 /* GoogleService-Info.plist in Resources */,
				E4A58C5F2B4614D300C3DA70 /* Assets.xcassets in Resources */,
				E4A58C892B4615B700C3DA70 /* GoogleService-Info-plist.plist in Resources */,
			);
			runOnlyForDeploymentPostprocessing = 0;
		};
		E4A58C662B4614D300C3DA70 /* Resources */ = {
			isa = PBXResourcesBuildPhase;
			buildActionMask = 2147483647;
			files = (
			);
			runOnlyForDeploymentPostprocessing = 0;
		};
		E4A58C702B4614D300C3DA70 /* Resources */ = {
			isa = PBXResourcesBuildPhase;
			buildActionMask = 2147483647;
			files = (
			);
			runOnlyForDeploymentPostprocessing = 0;
		};
/* End PBXResourcesBuildPhase section */

/* Begin PBXSourcesBuildPhase section */
		E4A58C532B4614D200C3DA70 /* Sources */ = {
			isa = PBXSourcesBuildPhase;
			buildActionMask = 2147483647;
			files = (
				E4A58CCA2B4617D400C3DA70 /* RegistrationView.swift in Sources */,
				E4A58CEC2B4617D400C3DA70 /* CircularProfileImageView.swift in Sources */,
				E4A58CEF2B4617D400C3DA70 /* SafetyDetailView.swift in Sources */,
				E4A58CF22B4617D400C3DA70 /* HazardDetailView.swift in Sources */,
				E4A58CD92B4617D400C3DA70 /* Constants.swift in Sources */,
				E4A58CE72B4617D400C3DA70 /* ProjectViewModel.swift in Sources */,
				E4A58CF12B4617D400C3DA70 /* SafetyMainView.swift in Sources */,
				E4A58CE62B4617D400C3DA70 /* CurrentUserProfileViewModel.swift in Sources */,
				E4A58CE12B4617D400C3DA70 /* UserView.swift in Sources */,
				E4A58CCD2B4617D400C3DA70 /* PreviewProvider.swift in Sources */,
				E4A58CCE2B4617D400C3DA70 /* ProjectModel.swift in Sources */,
				E4A58CCF2B4617D400C3DA70 /* InsiteSafetyModel.swift in Sources */,
				E4A58C5D2B4614D200C3DA70 /* ContentView.swift in Sources */,
				E4A58CDD2B4617D400C3DA70 /* GradientIconButton.swift in Sources */,
				E4A58CE82B4617D400C3DA70 /* AuthViewModel.swift in Sources */,
				E4A58CD42B4617D400C3DA70 /* ImageUploaderService.swift in Sources */,
				E4A58CDB2B4617D400C3DA70 /* ImagePicker.swift in Sources */,
				E4A58CCC2B4617D400C3DA70 /* ResetPasswordView.swift in Sources */,
				E4A58CD22B4617D400C3DA70 /* UserService.swift in Sources */,
				E4A58CDE2B4617D400C3DA70 /* CurrentUserProfileView.swift in Sources */,
				E4A58CCB2B4617D400C3DA70 /* LoginView.swift in Sources */,
				E4A58CD12B4617D400C3DA70 /* ImageUploader.swift in Sources */,
				E4A58CDC2B4617D400C3DA70 /* ThreadsTextFieldModifier.swift in Sources */,
				E4A58CD02B4617D400C3DA70 /* UserModel.swift in Sources */,
				E4A58CE02B4617D400C3DA70 /* ProfileView.swift in Sources */,
				E4A58CE22B4617D400C3DA70 /* ProfileProjectContentListView.swift in Sources */,
				E4A58CEE2B4617D400C3DA70 /* ProjectSetup.swift in Sources */,
				E4A58CF82B470A0C00C3DA70 /* DailyReportSetup.swift in Sources */,
				E4A58CE52B4617D400C3DA70 /* FeedView.swift in Sources */,
				E4A58C5B2B4614D200C3DA70 /* MicroUI2024rev1App.swift in Sources */,
				E4A58CEA2B4617D400C3DA70 /* EditProfileViewModel.swift in Sources */,
				E4A58CF62B47090A00C3DA70 /* DailySiteModel.swift in Sources */,
				E4A58CD32B4617D400C3DA70 /* ProjectService.swift in Sources */,
				E4A58CDF2B4617D400C3DA70 /* EditProfileView.swift in Sources */,
				E4A58CD82B4617D400C3DA70 /* FeedCell.swift in Sources */,
				E4A58CE92B4617D400C3DA70 /* ContentViewModel.swift in Sources */,
				E4A58CDA2B4617D400C3DA70 /* TextEditorButton.swift in Sources */,
				E4A58CED2B4617D400C3DA70 /* ProfileHeaderViews.swift in Sources */,
				E4A58CD62B4617D400C3DA70 /* ProjectCell.swift in Sources */,
				E4A58CF42B4617DB00C3DA70 /* MainTabView.swift in Sources */,
				E4A58CF02B4617D400C3DA70 /* BasicSafetyImageRow.swift in Sources */,
				E4A58CEB2B4617D400C3DA70 /* CreateProjects.swift in Sources */,
				E4A58CD52B4617D400C3DA70 /* AuthService.swift in Sources */,
			);
			runOnlyForDeploymentPostprocessing = 0;
		};
		E4A58C642B4614D300C3DA70 /* Sources */ = {
			isa = PBXSourcesBuildPhase;
			buildActionMask = 2147483647;
			files = (
				E4A58C6D2B4614D300C3DA70 /* MicroUI2024rev1Tests.swift in Sources */,
			);
			runOnlyForDeploymentPostprocessing = 0;
		};
		E4A58C6E2B4614D300C3DA70 /* Sources */ = {
			isa = PBXSourcesBuildPhase;
			buildActionMask = 2147483647;
			files = (
				E4A58C772B4614D300C3DA70 /* MicroUI2024rev1UITests.swift in Sources */,
				E4A58C792B4614D300C3DA70 /* MicroUI2024rev1UITestsLaunchTests.swift in Sources */,
			);
			runOnlyForDeploymentPostprocessing = 0;
		};
/* End PBXSourcesBuildPhase section */

/* Begin PBXTargetDependency section */
		E4A58C6A2B4614D300C3DA70 /* PBXTargetDependency */ = {
			isa = PBXTargetDependency;
			target = E4A58C562B4614D200C3DA70 /* MicroUI2024rev1 */;
			targetProxy = E4A58C692B4614D300C3DA70 /* PBXContainerItemProxy */;
		};
		E4A58C742B4614D300C3DA70 /* PBXTargetDependency */ = {
			isa = PBXTargetDependency;
			target = E4A58C562B4614D200C3DA70 /* MicroUI2024rev1 */;
			targetProxy = E4A58C732B4614D300C3DA70 /* PBXContainerItemProxy */;
		};
/* End PBXTargetDependency section */

/* Begin XCBuildConfiguration section */
		E4A58C7A2B4614D300C3DA70 /* Debug */ = {
			isa = XCBuildConfiguration;
			buildSettings = {
				ALWAYS_SEARCH_USER_PATHS = NO;
				ASSETCATALOG_COMPILER_GENERATE_SWIFT_ASSET_SYMBOL_EXTENSIONS = YES;
				CLANG_ANALYZER_NONNULL = YES;
				CLANG_ANALYZER_NUMBER_OBJECT_CONVERSION = YES_AGGRESSIVE;
				CLANG_CXX_LANGUAGE_STANDARD = "gnu++20";
				CLANG_ENABLE_MODULES = YES;
				CLANG_ENABLE_OBJC_ARC = YES;
				CLANG_ENABLE_OBJC_WEAK = YES;
				CLANG_WARN_BLOCK_CAPTURE_AUTORELEASING = YES;
				CLANG_WARN_BOOL_CONVERSION = YES;
				CLANG_WARN_COMMA = YES;
				CLANG_WARN_CONSTANT_CONVERSION = YES;
				CLANG_WARN_DEPRECATED_OBJC_IMPLEMENTATIONS = YES;
				CLANG_WARN_DIRECT_OBJC_ISA_USAGE = YES_ERROR;
				CLANG_WARN_DOCUMENTATION_COMMENTS = YES;
				CLANG_WARN_EMPTY_BODY = YES;
				CLANG_WARN_ENUM_CONVERSION = YES;
				CLANG_WARN_INFINITE_RECURSION = YES;
				CLANG_WARN_INT_CONVERSION = YES;
				CLANG_WARN_NON_LITERAL_NULL_CONVERSION = YES;
				CLANG_WARN_OBJC_IMPLICIT_RETAIN_SELF = YES;
				CLANG_WARN_OBJC_LITERAL_CONVERSION = YES;
				CLANG_WARN_OBJC_ROOT_CLASS = YES_ERROR;
				CLANG_WARN_QUOTED_INCLUDE_IN_FRAMEWORK_HEADER = YES;
				CLANG_WARN_RANGE_LOOP_ANALYSIS = YES;
				CLANG_WARN_STRICT_PROTOTYPES = YES;
				CLANG_WARN_SUSPICIOUS_MOVE = YES;
				CLANG_WARN_UNGUARDED_AVAILABILITY = YES_AGGRESSIVE;
				CLANG_WARN_UNREACHABLE_CODE = YES;
				CLANG_WARN__DUPLICATE_METHOD_MATCH = YES;
				COPY_PHASE_STRIP = NO;
				DEBUG_INFORMATION_FORMAT = dwarf;
				ENABLE_STRICT_OBJC_MSGSEND = YES;
				ENABLE_TESTABILITY = YES;
				ENABLE_USER_SCRIPT_SANDBOXING = YES;
				GCC_C_LANGUAGE_STANDARD = gnu17;
				GCC_DYNAMIC_NO_PIC = NO;
				GCC_NO_COMMON_BLOCKS = YES;
				GCC_OPTIMIZATION_LEVEL = 0;
				GCC_PREPROCESSOR_DEFINITIONS = (
					"DEBUG=1",
					"$(inherited)",
				);
				GCC_WARN_64_TO_32_BIT_CONVERSION = YES;
				GCC_WARN_ABOUT_RETURN_TYPE = YES_ERROR;
				GCC_WARN_UNDECLARED_SELECTOR = YES;
				GCC_WARN_UNINITIALIZED_AUTOS = YES_AGGRESSIVE;
				GCC_WARN_UNUSED_FUNCTION = YES;
				GCC_WARN_UNUSED_VARIABLE = YES;
				LOCALIZATION_PREFERS_STRING_CATALOGS = YES;
				MTL_ENABLE_DEBUG_INFO = INCLUDE_SOURCE;
				MTL_FAST_MATH = YES;
				ONLY_ACTIVE_ARCH = YES;
				SWIFT_ACTIVE_COMPILATION_CONDITIONS = "DEBUG $(inherited)";
				SWIFT_OPTIMIZATION_LEVEL = "-Onone";
			};
			name = Debug;
		};
		E4A58C7B2B4614D300C3DA70 /* Release */ = {
			isa = XCBuildConfiguration;
			buildSettings = {
				ALWAYS_SEARCH_USER_PATHS = NO;
				ASSETCATALOG_COMPILER_GENERATE_SWIFT_ASSET_SYMBOL_EXTENSIONS = YES;
				CLANG_ANALYZER_NONNULL = YES;
				CLANG_ANALYZER_NUMBER_OBJECT_CONVERSION = YES_AGGRESSIVE;
				CLANG_CXX_LANGUAGE_STANDARD = "gnu++20";
				CLANG_ENABLE_MODULES = YES;
				CLANG_ENABLE_OBJC_ARC = YES;
				CLANG_ENABLE_OBJC_WEAK = YES;
				CLANG_WARN_BLOCK_CAPTURE_AUTORELEASING = YES;
				CLANG_WARN_BOOL_CONVERSION = YES;
				CLANG_WARN_COMMA = YES;
				CLANG_WARN_CONSTANT_CONVERSION = YES;
				CLANG_WARN_DEPRECATED_OBJC_IMPLEMENTATIONS = YES;
				CLANG_WARN_DIRECT_OBJC_ISA_USAGE = YES_ERROR;
				CLANG_WARN_DOCUMENTATION_COMMENTS = YES;
				CLANG_WARN_EMPTY_BODY = YES;
				CLANG_WARN_ENUM_CONVERSION = YES;
				CLANG_WARN_INFINITE_RECURSION = YES;
				CLANG_WARN_INT_CONVERSION = YES;
				CLANG_WARN_NON_LITERAL_NULL_CONVERSION = YES;
				CLANG_WARN_OBJC_IMPLICIT_RETAIN_SELF = YES;
				CLANG_WARN_OBJC_LITERAL_CONVERSION = YES;
				CLANG_WARN_OBJC_ROOT_CLASS = YES_ERROR;
				CLANG_WARN_QUOTED_INCLUDE_IN_FRAMEWORK_HEADER = YES;
				CLANG_WARN_RANGE_LOOP_ANALYSIS = YES;
				CLANG_WARN_STRICT_PROTOTYPES = YES;
				CLANG_WARN_SUSPICIOUS_MOVE = YES;
				CLANG_WARN_UNGUARDED_AVAILABILITY = YES_AGGRESSIVE;
				CLANG_WARN_UNREACHABLE_CODE = YES;
				CLANG_WARN__DUPLICATE_METHOD_MATCH = YES;
				COPY_PHASE_STRIP = NO;
				DEBUG_INFORMATION_FORMAT = "dwarf-with-dsym";
				ENABLE_NS_ASSERTIONS = NO;
				ENABLE_STRICT_OBJC_MSGSEND = YES;
				ENABLE_USER_SCRIPT_SANDBOXING = YES;
				GCC_C_LANGUAGE_STANDARD = gnu17;
				GCC_NO_COMMON_BLOCKS = YES;
				GCC_WARN_64_TO_32_BIT_CONVERSION = YES;
				GCC_WARN_ABOUT_RETURN_TYPE = YES_ERROR;
				GCC_WARN_UNDECLARED_SELECTOR = YES;
				GCC_WARN_UNINITIALIZED_AUTOS = YES_AGGRESSIVE;
				GCC_WARN_UNUSED_FUNCTION = YES;
				GCC_WARN_UNUSED_VARIABLE = YES;
				LOCALIZATION_PREFERS_STRING_CATALOGS = YES;
				MTL_ENABLE_DEBUG_INFO = NO;
				MTL_FAST_MATH = YES;
				SWIFT_COMPILATION_MODE = wholemodule;
			};
			name = Release;
		};
		E4A58C7D2B4614D300C3DA70 /* Debug */ = {
			isa = XCBuildConfiguration;
			buildSettings = {
				ASSETCATALOG_COMPILER_APPICON_NAME = AppIcon;
				ASSETCATALOG_COMPILER_GLOBAL_ACCENT_COLOR_NAME = AccentColor;
				CODE_SIGN_ENTITLEMENTS = MicroUI2024rev1/MicroUI2024rev1.entitlements;
				CODE_SIGN_STYLE = Automatic;
				CURRENT_PROJECT_VERSION = 1;
				DEVELOPMENT_ASSET_PATHS = "\"MicroUI2024rev1/Preview Content\"";
				DEVELOPMENT_TEAM = L8PB785BUK;
				ENABLE_HARDENED_RUNTIME = YES;
				ENABLE_PREVIEWS = YES;
				GENERATE_INFOPLIST_FILE = YES;
				"INFOPLIST_KEY_UIApplicationSceneManifest_Generation[sdk=iphoneos*]" = YES;
				"INFOPLIST_KEY_UIApplicationSceneManifest_Generation[sdk=iphonesimulator*]" = YES;
				"INFOPLIST_KEY_UIApplicationSupportsIndirectInputEvents[sdk=iphoneos*]" = YES;
				"INFOPLIST_KEY_UIApplicationSupportsIndirectInputEvents[sdk=iphonesimulator*]" = YES;
				"INFOPLIST_KEY_UILaunchScreen_Generation[sdk=iphoneos*]" = YES;
				"INFOPLIST_KEY_UILaunchScreen_Generation[sdk=iphonesimulator*]" = YES;
				"INFOPLIST_KEY_UIStatusBarStyle[sdk=iphoneos*]" = UIStatusBarStyleDefault;
				"INFOPLIST_KEY_UIStatusBarStyle[sdk=iphonesimulator*]" = UIStatusBarStyleDefault;
				INFOPLIST_KEY_UISupportedInterfaceOrientations_iPad = "UIInterfaceOrientationPortrait UIInterfaceOrientationPortraitUpsideDown UIInterfaceOrientationLandscapeLeft UIInterfaceOrientationLandscapeRight";
				INFOPLIST_KEY_UISupportedInterfaceOrientations_iPhone = "UIInterfaceOrientationPortrait UIInterfaceOrientationLandscapeLeft UIInterfaceOrientationLandscapeRight";
				IPHONEOS_DEPLOYMENT_TARGET = 17.2;
				LD_RUNPATH_SEARCH_PATHS = "@executable_path/Frameworks";
				"LD_RUNPATH_SEARCH_PATHS[sdk=macosx*]" = "@executable_path/../Frameworks";
				MACOSX_DEPLOYMENT_TARGET = 13.5;
				MARKETING_VERSION = 1.0;
				PRODUCT_BUNDLE_IDENTIFIER = "micropile.MicropileProject-2024rev1";
				PRODUCT_NAME = "$(TARGET_NAME)";
				SDKROOT = auto;
				SUPPORTED_PLATFORMS = "iphoneos iphonesimulator macosx";
				SWIFT_EMIT_LOC_STRINGS = YES;
				SWIFT_VERSION = 5.0;
				TARGETED_DEVICE_FAMILY = "1,2";
			};
			name = Debug;
		};
		E4A58C7E2B4614D300C3DA70 /* Release */ = {
			isa = XCBuildConfiguration;
			buildSettings = {
				ASSETCATALOG_COMPILER_APPICON_NAME = AppIcon;
				ASSETCATALOG_COMPILER_GLOBAL_ACCENT_COLOR_NAME = AccentColor;
				CODE_SIGN_ENTITLEMENTS = MicroUI2024rev1/MicroUI2024rev1.entitlements;
				CODE_SIGN_STYLE = Automatic;
				CURRENT_PROJECT_VERSION = 1;
				DEVELOPMENT_ASSET_PATHS = "\"MicroUI2024rev1/Preview Content\"";
				DEVELOPMENT_TEAM = L8PB785BUK;
				ENABLE_HARDENED_RUNTIME = YES;
				ENABLE_PREVIEWS = YES;
				GENERATE_INFOPLIST_FILE = YES;
				"INFOPLIST_KEY_UIApplicationSceneManifest_Generation[sdk=iphoneos*]" = YES;
				"INFOPLIST_KEY_UIApplicationSceneManifest_Generation[sdk=iphonesimulator*]" = YES;
				"INFOPLIST_KEY_UIApplicationSupportsIndirectInputEvents[sdk=iphoneos*]" = YES;
				"INFOPLIST_KEY_UIApplicationSupportsIndirectInputEvents[sdk=iphonesimulator*]" = YES;
				"INFOPLIST_KEY_UILaunchScreen_Generation[sdk=iphoneos*]" = YES;
				"INFOPLIST_KEY_UILaunchScreen_Generation[sdk=iphonesimulator*]" = YES;
				"INFOPLIST_KEY_UIStatusBarStyle[sdk=iphoneos*]" = UIStatusBarStyleDefault;
				"INFOPLIST_KEY_UIStatusBarStyle[sdk=iphonesimulator*]" = UIStatusBarStyleDefault;
				INFOPLIST_KEY_UISupportedInterfaceOrientations_iPad = "UIInterfaceOrientationPortrait UIInterfaceOrientationPortraitUpsideDown UIInterfaceOrientationLandscapeLeft UIInterfaceOrientationLandscapeRight";
				INFOPLIST_KEY_UISupportedInterfaceOrientations_iPhone = "UIInterfaceOrientationPortrait UIInterfaceOrientationLandscapeLeft UIInterfaceOrientationLandscapeRight";
				IPHONEOS_DEPLOYMENT_TARGET = 17.2;
				LD_RUNPATH_SEARCH_PATHS = "@executable_path/Frameworks";
				"LD_RUNPATH_SEARCH_PATHS[sdk=macosx*]" = "@executable_path/../Frameworks";
				MACOSX_DEPLOYMENT_TARGET = 13.5;
				MARKETING_VERSION = 1.0;
				PRODUCT_BUNDLE_IDENTIFIER = "micropile.MicropileProject-2024rev1";
				PRODUCT_NAME = "$(TARGET_NAME)";
				SDKROOT = auto;
				SUPPORTED_PLATFORMS = "iphoneos iphonesimulator macosx";
				SWIFT_EMIT_LOC_STRINGS = YES;
				SWIFT_VERSION = 5.0;
				TARGETED_DEVICE_FAMILY = "1,2";
			};
			name = Release;
		};
		E4A58C802B4614D300C3DA70 /* Debug */ = {
			isa = XCBuildConfiguration;
			buildSettings = {
				ALWAYS_EMBED_SWIFT_STANDARD_LIBRARIES = YES;
				BUNDLE_LOADER = "$(TEST_HOST)";
				CODE_SIGN_STYLE = Automatic;
				CURRENT_PROJECT_VERSION = 1;
				DEVELOPMENT_TEAM = L8PB785BUK;
				GENERATE_INFOPLIST_FILE = YES;
				IPHONEOS_DEPLOYMENT_TARGET = 17.2;
				MACOSX_DEPLOYMENT_TARGET = 13.5;
				MARKETING_VERSION = 1.0;
				PRODUCT_BUNDLE_IDENTIFIER = micropile.MicroUI2024rev1Tests;
				PRODUCT_NAME = "$(TARGET_NAME)";
				SDKROOT = auto;
				SUPPORTED_PLATFORMS = "iphoneos iphonesimulator macosx";
				SWIFT_EMIT_LOC_STRINGS = NO;
				SWIFT_VERSION = 5.0;
				TARGETED_DEVICE_FAMILY = "1,2";
				TEST_HOST = "$(BUILT_PRODUCTS_DIR)/MicroUI2024rev1.app/$(BUNDLE_EXECUTABLE_FOLDER_PATH)/MicroUI2024rev1";
			};
			name = Debug;
		};
		E4A58C812B4614D300C3DA70 /* Release */ = {
			isa = XCBuildConfiguration;
			buildSettings = {
				ALWAYS_EMBED_SWIFT_STANDARD_LIBRARIES = YES;
				BUNDLE_LOADER = "$(TEST_HOST)";
				CODE_SIGN_STYLE = Automatic;
				CURRENT_PROJECT_VERSION = 1;
				DEVELOPMENT_TEAM = L8PB785BUK;
				GENERATE_INFOPLIST_FILE = YES;
				IPHONEOS_DEPLOYMENT_TARGET = 17.2;
				MACOSX_DEPLOYMENT_TARGET = 13.5;
				MARKETING_VERSION = 1.0;
				PRODUCT_BUNDLE_IDENTIFIER = micropile.MicroUI2024rev1Tests;
				PRODUCT_NAME = "$(TARGET_NAME)";
				SDKROOT = auto;
				SUPPORTED_PLATFORMS = "iphoneos iphonesimulator macosx";
				SWIFT_EMIT_LOC_STRINGS = NO;
				SWIFT_VERSION = 5.0;
				TARGETED_DEVICE_FAMILY = "1,2";
				TEST_HOST = "$(BUILT_PRODUCTS_DIR)/MicroUI2024rev1.app/$(BUNDLE_EXECUTABLE_FOLDER_PATH)/MicroUI2024rev1";
			};
			name = Release;
		};
		E4A58C832B4614D300C3DA70 /* Debug */ = {
			isa = XCBuildConfiguration;
			buildSettings = {
				ALWAYS_EMBED_SWIFT_STANDARD_LIBRARIES = YES;
				CODE_SIGN_STYLE = Automatic;
				CURRENT_PROJECT_VERSION = 1;
				DEVELOPMENT_TEAM = L8PB785BUK;
				GENERATE_INFOPLIST_FILE = YES;
				IPHONEOS_DEPLOYMENT_TARGET = 17.2;
				MACOSX_DEPLOYMENT_TARGET = 13.5;
				MARKETING_VERSION = 1.0;
				PRODUCT_BUNDLE_IDENTIFIER = micropile.MicroUI2024rev1UITests;
				PRODUCT_NAME = "$(TARGET_NAME)";
				SDKROOT = auto;
				SUPPORTED_PLATFORMS = "iphoneos iphonesimulator macosx";
				SWIFT_EMIT_LOC_STRINGS = NO;
				SWIFT_VERSION = 5.0;
				TARGETED_DEVICE_FAMILY = "1,2";
				TEST_TARGET_NAME = MicroUI2024rev1;
			};
			name = Debug;
		};
		E4A58C842B4614D300C3DA70 /* Release */ = {
			isa = XCBuildConfiguration;
			buildSettings = {
				ALWAYS_EMBED_SWIFT_STANDARD_LIBRARIES = YES;
				CODE_SIGN_STYLE = Automatic;
				CURRENT_PROJECT_VERSION = 1;
				DEVELOPMENT_TEAM = L8PB785BUK;
				GENERATE_INFOPLIST_FILE = YES;
				IPHONEOS_DEPLOYMENT_TARGET = 17.2;
				MACOSX_DEPLOYMENT_TARGET = 13.5;
				MARKETING_VERSION = 1.0;
				PRODUCT_BUNDLE_IDENTIFIER = micropile.MicroUI2024rev1UITests;
				PRODUCT_NAME = "$(TARGET_NAME)";
				SDKROOT = auto;
				SUPPORTED_PLATFORMS = "iphoneos iphonesimulator macosx";
				SWIFT_EMIT_LOC_STRINGS = NO;
				SWIFT_VERSION = 5.0;
				TARGETED_DEVICE_FAMILY = "1,2";
				TEST_TARGET_NAME = MicroUI2024rev1;
			};
			name = Release;
		};
/* End XCBuildConfiguration section */

/* Begin XCConfigurationList section */
		E4A58C522B4614D200C3DA70 /* Build configuration list for PBXProject "MicroUI2024rev1" */ = {
			isa = XCConfigurationList;
			buildConfigurations = (
				E4A58C7A2B4614D300C3DA70 /* Debug */,
				E4A58C7B2B4614D300C3DA70 /* Release */,
			);
			defaultConfigurationIsVisible = 0;
			defaultConfigurationName = Release;
		};
		E4A58C7C2B4614D300C3DA70 /* Build configuration list for PBXNativeTarget "MicroUI2024rev1" */ = {
			isa = XCConfigurationList;
			buildConfigurations = (
				E4A58C7D2B4614D300C3DA70 /* Debug */,
				E4A58C7E2B4614D300C3DA70 /* Release */,
			);
			defaultConfigurationIsVisible = 0;
			defaultConfigurationName = Release;
		};
		E4A58C7F2B4614D300C3DA70 /* Build configuration list for PBXNativeTarget "MicroUI2024rev1Tests" */ = {
			isa = XCConfigurationList;
			buildConfigurations = (
				E4A58C802B4614D300C3DA70 /* Debug */,
				E4A58C812B4614D300C3DA70 /* Release */,
			);
			defaultConfigurationIsVisible = 0;
			defaultConfigurationName = Release;
		};
		E4A58C822B4614D300C3DA70 /* Build configuration list for PBXNativeTarget "MicroUI2024rev1UITests" */ = {
			isa = XCConfigurationList;
			buildConfigurations = (
				E4A58C832B4614D300C3DA70 /* Debug */,
				E4A58C842B4614D300C3DA70 /* Release */,
			);
			defaultConfigurationIsVisible = 0;
			defaultConfigurationName = Release;
		};
/* End XCConfigurationList section */

/* Begin XCRemoteSwiftPackageReference section */
		E4A58C852B4614FB00C3DA70 /* XCRemoteSwiftPackageReference "Kingfisher" */ = {
			isa = XCRemoteSwiftPackageReference;
			repositoryURL = "https://github.com/onevcat/Kingfisher";
			requirement = {
				kind = upToNextMajorVersion;
				minimumVersion = 7.10.1;
			};
		};
		E4A58C8C2B4616EE00C3DA70 /* XCRemoteSwiftPackageReference "firebase-ios-sdk" */ = {
			isa = XCRemoteSwiftPackageReference;
			repositoryURL = "https://github.com/firebase/firebase-ios-sdk";
			requirement = {
				kind = upToNextMajorVersion;
				minimumVersion = 10.19.1;
			};
		};
/* End XCRemoteSwiftPackageReference section */

/* Begin XCSwiftPackageProductDependency section */
		E4A58C862B4614FB00C3DA70 /* Kingfisher */ = {
			isa = XCSwiftPackageProductDependency;
			package = E4A58C852B4614FB00C3DA70 /* XCRemoteSwiftPackageReference "Kingfisher" */;
			productName = Kingfisher;
		};
		E4A58C8E2B46172D00C3DA70 /* FirebaseAuth */ = {
			isa = XCSwiftPackageProductDependency;
			package = E4A58C8C2B4616EE00C3DA70 /* XCRemoteSwiftPackageReference "firebase-ios-sdk" */;
			productName = FirebaseAuth;
		};
		E4A58C902B46173500C3DA70 /* FirebaseFirestore */ = {
			isa = XCSwiftPackageProductDependency;
			package = E4A58C8C2B4616EE00C3DA70 /* XCRemoteSwiftPackageReference "firebase-ios-sdk" */;
			productName = FirebaseFirestore;
		};
		E4A58C922B46173D00C3DA70 /* FirebaseFirestoreSwift */ = {
			isa = XCSwiftPackageProductDependency;
			package = E4A58C8C2B4616EE00C3DA70 /* XCRemoteSwiftPackageReference "firebase-ios-sdk" */;
			productName = FirebaseFirestoreSwift;
		};
		E4A58C942B46174300C3DA70 /* FirebaseStorage */ = {
			isa = XCSwiftPackageProductDependency;
			package = E4A58C8C2B4616EE00C3DA70 /* XCRemoteSwiftPackageReference "firebase-ios-sdk" */;
			productName = FirebaseStorage;
		};
/* End XCSwiftPackageProductDependency section */
	};
	rootObject = E4A58C4F2B4614D200C3DA70 /* Project object */;
}
